
Microsoft Visual Studio Solution File, Format Version 12.00
# Visual Studio Version 17
VisualStudioVersion = 17.4.33213.308
MinimumVisualStudioVersion = 10.0.40219.1
Project("{2150E333-8FDC-42A3-9474-1A3956D46DE8}") = "src", "src", "{9DADAEEF-3061-4466-86D8-CD7CC8AC8260}"
EndProject
Project("{9A19103F-16F7-4668-BE54-9A1E7A4F7556}") = "Web", "src\Web\Web.csproj", "{C72520FC-AC07-4CA6-9C07-7EF9BDB7F4E7}"
EndProject
Project("{9A19103F-16F7-4668-BE54-9A1E7A4F7556}") = "ApplicationCore", "src\ApplicationCore\ApplicationCore.csproj", "{EF627EF8-14C2-46CF-9416-92D23BE9E8B9}"
EndProject
Project("{9A19103F-16F7-4668-BE54-9A1E7A4F7556}") = "Infrastructure", "src\Infrastructure\Infrastructure.csproj", "{FFED92B9-6AB5-4BD5-9D9F-EDFF4C325D45}"
EndProject
Project("{2150E333-8FDC-42A3-9474-1A3956D46DE8}") = "tests", "tests", "{8AC5B4B9-7091-45E3-8909-6AE8914793ED}"
EndProject
Project("{9A19103F-16F7-4668-BE54-9A1E7A4F7556}") = "UnitTests", "tests\UnitTests\UnitTests.csproj", "{111254FD-A193-4B6C-9840-203A5DF2913A}"
EndProject
Project("{2150E333-8FDC-42A3-9474-1A3956D46DE8}") = "Solution Items", "Solution Items", "{8638376F-4FF7-4E07-B74F-2C344E01CE5F}"
	ProjectSection(SolutionItems) = preProject
		README.md = README.md
	EndProjectSection
EndProject
Global
	GlobalSection(SolutionConfigurationPlatforms) = preSolution
		Debug|Any CPU = Debug|Any CPU
		Release|Any CPU = Release|Any CPU
	EndGlobalSection
	GlobalSection(ProjectConfigurationPlatforms) = postSolution
		{C72520FC-AC07-4CA6-9C07-7EF9BDB7F4E7}.Debug|Any CPU.ActiveCfg = Debug|Any CPU
		{C72520FC-AC07-4CA6-9C07-7EF9BDB7F4E7}.Debug|Any CPU.Build.0 = Debug|Any CPU
		{C72520FC-AC07-4CA6-9C07-7EF9BDB7F4E7}.Release|Any CPU.ActiveCfg = Release|Any CPU
		{C72520FC-AC07-4CA6-9C07-7EF9BDB7F4E7}.Release|Any CPU.Build.0 = Release|Any CPU
		{EF627EF8-14C2-46CF-9416-92D23BE9E8B9}.Debug|Any CPU.ActiveCfg = Debug|Any CPU
		{EF627EF8-14C2-46CF-9416-92D23BE9E8B9}.Debug|Any CPU.Build.0 = Debug|Any CPU
		{EF627EF8-14C2-46CF-9416-92D23BE9E8B9}.Release|Any CPU.ActiveCfg = Release|Any CPU
		{EF627EF8-14C2-46CF-9416-92D23BE9E8B9}.Release|Any CPU.Build.0 = Release|Any CPU
		{FFED92B9-6AB5-4BD5-9D9F-EDFF4C325D45}.Debug|Any CPU.ActiveCfg = Debug|Any CPU
		{FFED92B9-6AB5-4BD5-9D9F-EDFF4C325D45}.Debug|Any CPU.Build.0 = Debug|Any CPU
		{FFED92B9-6AB5-4BD5-9D9F-EDFF4C325D45}.Release|Any CPU.ActiveCfg = Release|Any CPU
		{FFED92B9-6AB5-4BD5-9D9F-EDFF4C325D45}.Release|Any CPU.Build.0 = Release|Any CPU
		{111254FD-A193-4B6C-9840-203A5DF2913A}.Debug|Any CPU.ActiveCfg = Debug|Any CPU
		{111254FD-A193-4B6C-9840-203A5DF2913A}.Debug|Any CPU.Build.0 = Debug|Any CPU
		{111254FD-A193-4B6C-9840-203A5DF2913A}.Release|Any CPU.ActiveCfg = Release|Any CPU
		{111254FD-A193-4B6C-9840-203A5DF2913A}.Release|Any CPU.Build.0 = Release|Any CPU
	EndGlobalSection
	GlobalSection(SolutionProperties) = preSolution
		HideSolutionNode = FALSE
	EndGlobalSection
	GlobalSection(NestedProjects) = preSolution
		{C72520FC-AC07-4CA6-9C07-7EF9BDB7F4E7} = {9DADAEEF-3061-4466-86D8-CD7CC8AC8260}
		{EF627EF8-14C2-46CF-9416-92D23BE9E8B9} = {9DADAEEF-3061-4466-86D8-CD7CC8AC8260}
		{FFED92B9-6AB5-4BD5-9D9F-EDFF4C325D45} = {9DADAEEF-3061-4466-86D8-CD7CC8AC8260}
		{111254FD-A193-4B6C-9840-203A5DF2913A} = {8AC5B4B9-7091-45E3-8909-6AE8914793ED}
	EndGlobalSection
	GlobalSection(ExtensibilityGlobals) = postSolution
		SolutionGuid = {5BBF7B4E-99CC-4FC7-8AEE-7C90E49BA4B0}
	EndGlobalSection
EndGlobal
